
Microsoft Visual Studio Solution File, Format Version 12.00
# Visual Studio Version 17
VisualStudioVersion = 17.0.31903.59
MinimumVisualStudioVersion = 10.0.40219.1
Project("{2150E333-8FDC-42A3-9474-1A3956D46DE8}") = "src", "src", "{87E7C923-6E3B-41D4-9872-452C4824CA73}"
EndProject
Project("{2150E333-8FDC-42A3-9474-1A3956D46DE8}") = "test", "test", "{1BD2B1C8-BA5B-44B2-863F-54E2B36255D2}"
EndProject
Project("{2150E333-8FDC-42A3-9474-1A3956D46DE8}") = "Core", "Core", "{D1914CAF-7B3C-46CA-B066-6EBD2BB0DFF4}"
EndProject
Project("{2150E333-8FDC-42A3-9474-1A3956D46DE8}") = "Infrastructure", "Infrastructure", "{0A8A0D35-1F74-4193-9E3A-B3C310FBFFF2}"
EndProject
Project("{2150E333-8FDC-42A3-9474-1A3956D46DE8}") = "Web", "Web", "{BDEFEB53-32E2-44F7-AE86-C13199244417}"
EndProject
Project("{2150E333-8FDC-42A3-9474-1A3956D46DE8}") = "Client", "Client", "{788CAFD5-8BFC-41A1-9990-4671124F8598}"
EndProject
Project("{2150E333-8FDC-42A3-9474-1A3956D46DE8}") = "Server", "Server", "{C4E876B5-A264-4806-98BC-61F5878C2FBE}"
EndProject
Project("{9A19103F-16F7-4668-BE54-9A1E7A4F7556}") = "Application", "Application\Application.csproj", "{89906A1F-B20C-4D3B-AA4B-46D1247FBF5F}"
EndProject
Project("{9A19103F-16F7-4668-BE54-9A1E7A4F7556}") = "Infrastructure", "Infrastructure\Infrastructure.csproj", "{2299A3DD-807D-4887-8F26-1473568BDE2A}"
EndProject
Project("{9A19103F-16F7-4668-BE54-9A1E7A4F7556}") = "WebAPI", "WebAPI\WebAPI.csproj", "{517CE93A-4981-4453-820A-153A58EA6529}"
EndProject
Project("{9A19103F-16F7-4668-BE54-9A1E7A4F7556}") = "WebApp", "WebApp\WebApp.csproj", "{FAFA163D-B061-4017-8A21-0311E9ADDC91}"
EndProject
Project("{9A19103F-16F7-4668-BE54-9A1E7A4F7556}") = "Domain", "Domain\Domain.csproj", "{7C770AA7-7EDC-4766-8850-E6E7FE656A6F}"
EndProject
Project("{FAE04EC0-301F-11D3-BF4B-00C04F79EFBC}") = "WebAPI.Test", "WebAPI.Test\WebAPI.Test.csproj", "{19F603EF-D84E-476B-A204-BC626C50FED7}"
EndProject
Global
	GlobalSection(SolutionConfigurationPlatforms) = preSolution
		Debug|Any CPU = Debug|Any CPU
		Release|Any CPU = Release|Any CPU
	EndGlobalSection
	GlobalSection(ProjectConfigurationPlatforms) = postSolution
		{89906A1F-B20C-4D3B-AA4B-46D1247FBF5F}.Debug|Any CPU.ActiveCfg = Debug|Any CPU
		{89906A1F-B20C-4D3B-AA4B-46D1247FBF5F}.Debug|Any CPU.Build.0 = Debug|Any CPU
		{89906A1F-B20C-4D3B-AA4B-46D1247FBF5F}.Release|Any CPU.ActiveCfg = Release|Any CPU
		{89906A1F-B20C-4D3B-AA4B-46D1247FBF5F}.Release|Any CPU.Build.0 = Release|Any CPU
		{2299A3DD-807D-4887-8F26-1473568BDE2A}.Debug|Any CPU.ActiveCfg = Debug|Any CPU
		{2299A3DD-807D-4887-8F26-1473568BDE2A}.Debug|Any CPU.Build.0 = Debug|Any CPU
		{2299A3DD-807D-4887-8F26-1473568BDE2A}.Release|Any CPU.ActiveCfg = Release|Any CPU
		{2299A3DD-807D-4887-8F26-1473568BDE2A}.Release|Any CPU.Build.0 = Release|Any CPU
		{517CE93A-4981-4453-820A-153A58EA6529}.Debug|Any CPU.ActiveCfg = Debug|Any CPU
		{517CE93A-4981-4453-820A-153A58EA6529}.Debug|Any CPU.Build.0 = Debug|Any CPU
		{517CE93A-4981-4453-820A-153A58EA6529}.Release|Any CPU.ActiveCfg = Release|Any CPU
		{517CE93A-4981-4453-820A-153A58EA6529}.Release|Any CPU.Build.0 = Release|Any CPU
		{FAFA163D-B061-4017-8A21-0311E9ADDC91}.Debug|Any CPU.ActiveCfg = Debug|Any CPU
		{FAFA163D-B061-4017-8A21-0311E9ADDC91}.Debug|Any CPU.Build.0 = Debug|Any CPU
		{FAFA163D-B061-4017-8A21-0311E9ADDC91}.Release|Any CPU.ActiveCfg = Release|Any CPU
		{FAFA163D-B061-4017-8A21-0311E9ADDC91}.Release|Any CPU.Build.0 = Release|Any CPU
		{7C770AA7-7EDC-4766-8850-E6E7FE656A6F}.Debug|Any CPU.ActiveCfg = Debug|Any CPU
		{7C770AA7-7EDC-4766-8850-E6E7FE656A6F}.Debug|Any CPU.Build.0 = Debug|Any CPU
		{7C770AA7-7EDC-4766-8850-E6E7FE656A6F}.Release|Any CPU.ActiveCfg = Release|Any CPU
		{7C770AA7-7EDC-4766-8850-E6E7FE656A6F}.Release|Any CPU.Build.0 = Release|Any CPU
		{19F603EF-D84E-476B-A204-BC626C50FED7}.Debug|Any CPU.ActiveCfg = Debug|Any CPU
		{19F603EF-D84E-476B-A204-BC626C50FED7}.Debug|Any CPU.Build.0 = Debug|Any CPU
		{19F603EF-D84E-476B-A204-BC626C50FED7}.Release|Any CPU.ActiveCfg = Release|Any CPU
		{19F603EF-D84E-476B-A204-BC626C50FED7}.Release|Any CPU.Build.0 = Release|Any CPU
	EndGlobalSection
	GlobalSection(SolutionProperties) = preSolution
		HideSolutionNode = FALSE
	EndGlobalSection
	GlobalSection(NestedProjects) = preSolution
		{D1914CAF-7B3C-46CA-B066-6EBD2BB0DFF4} = {87E7C923-6E3B-41D4-9872-452C4824CA73}
		{0A8A0D35-1F74-4193-9E3A-B3C310FBFFF2} = {87E7C923-6E3B-41D4-9872-452C4824CA73}
		{BDEFEB53-32E2-44F7-AE86-C13199244417} = {87E7C923-6E3B-41D4-9872-452C4824CA73}
		{788CAFD5-8BFC-41A1-9990-4671124F8598} = {BDEFEB53-32E2-44F7-AE86-C13199244417}
		{C4E876B5-A264-4806-98BC-61F5878C2FBE} = {BDEFEB53-32E2-44F7-AE86-C13199244417}
		{89906A1F-B20C-4D3B-AA4B-46D1247FBF5F} = {D1914CAF-7B3C-46CA-B066-6EBD2BB0DFF4}
		{2299A3DD-807D-4887-8F26-1473568BDE2A} = {0A8A0D35-1F74-4193-9E3A-B3C310FBFFF2}
		{517CE93A-4981-4453-820A-153A58EA6529} = {C4E876B5-A264-4806-98BC-61F5878C2FBE}
		{FAFA163D-B061-4017-8A21-0311E9ADDC91} = {788CAFD5-8BFC-41A1-9990-4671124F8598}
		{7C770AA7-7EDC-4766-8850-E6E7FE656A6F} = {D1914CAF-7B3C-46CA-B066-6EBD2BB0DFF4}
		{19F603EF-D84E-476B-A204-BC626C50FED7} = {1BD2B1C8-BA5B-44B2-863F-54E2B36255D2}
	EndGlobalSection
	GlobalSection(ExtensibilityGlobals) = postSolution
		SolutionGuid = {0C44D7EA-9DFC-44ED-99A0-D79AC13688C3}
	EndGlobalSection
EndGlobal
